
Microsoft Visual Studio Solution File, Format Version 12.00
# Visual Studio Version 17
VisualStudioVersion = 17.0.32014.148
MinimumVisualStudioVersion = 10.0.40219.1
Project("{FAE04EC0-301F-11D3-BF4B-00C04F79EFBC}") = "WeatherConsumer", "WeatherConsumer\WeatherConsumer.csproj", "{663DB04B-D337-4A02-B65C-0A7F7F39E7EA}"
EndProject
Global
	GlobalSection(SolutionConfigurationPlatforms) = preSolution
		Debug|Any CPU = Debug|Any CPU
		Release|Any CPU = Release|Any CPU
	EndGlobalSection
	GlobalSection(ProjectConfigurationPlatforms) = postSolution
		{663DB04B-D337-4A02-B65C-0A7F7F39E7EA}.Debug|Any CPU.ActiveCfg = Debug|Any CPU
		{663DB04B-D337-4A02-B65C-0A7F7F39E7EA}.Debug|Any CPU.Build.0 = Debug|Any CPU
		{663DB04B-D337-4A02-B65C-0A7F7F39E7EA}.Release|Any CPU.ActiveCfg = Release|Any CPU
		{663DB04B-D337-4A02-B65C-0A7F7F39E7EA}.Release|Any CPU.Build.0 = Release|Any CPU
	EndGlobalSection
	GlobalSection(SolutionProperties) = preSolution
		HideSolutionNode = FALSE
	EndGlobalSection
	GlobalSection(ExtensibilityGlobals) = postSolution
		SolutionGuid = {A8CBE2AD-28A6-4C6C-A1E2-98B334A056F7}
	EndGlobalSection
EndGlobal
