
Microsoft Visual Studio Solution File, Format Version 12.00
# Visual Studio Version 17
VisualStudioVersion = 17.3.32819.101
MinimumVisualStudioVersion = 10.0.40219.1
Project("{9A19103F-16F7-4668-BE54-9A1E7A4F7556}") = "GameCore", "GameCore\GameCore.csproj", "{20C105D3-8187-4602-A271-C059B3EE70A3}"
EndProject
Project("{FAE04EC0-301F-11D3-BF4B-00C04F79EFBC}") = "GameCore.Specs", "GameCore.Specs\GameCore.Specs.csproj", "{37CF3787-FD19-42DD-92BA-FF48B9ECA694}"
EndProject
Global
	GlobalSection(SolutionConfigurationPlatforms) = preSolution
		Debug|Any CPU = Debug|Any CPU
		Release|Any CPU = Release|Any CPU
	EndGlobalSection
	GlobalSection(ProjectConfigurationPlatforms) = postSolution
		{20C105D3-8187-4602-A271-C059B3EE70A3}.Debug|Any CPU.ActiveCfg = Debug|Any CPU
		{20C105D3-8187-4602-A271-C059B3EE70A3}.Debug|Any CPU.Build.0 = Debug|Any CPU
		{20C105D3-8187-4602-A271-C059B3EE70A3}.Release|Any CPU.ActiveCfg = Release|Any CPU
		{20C105D3-8187-4602-A271-C059B3EE70A3}.Release|Any CPU.Build.0 = Release|Any CPU
		{37CF3787-FD19-42DD-92BA-FF48B9ECA694}.Debug|Any CPU.ActiveCfg = Debug|Any CPU
		{37CF3787-FD19-42DD-92BA-FF48B9ECA694}.Debug|Any CPU.Build.0 = Debug|Any CPU
		{37CF3787-FD19-42DD-92BA-FF48B9ECA694}.Release|Any CPU.ActiveCfg = Release|Any CPU
		{37CF3787-FD19-42DD-92BA-FF48B9ECA694}.Release|Any CPU.Build.0 = Release|Any CPU
	EndGlobalSection
	GlobalSection(SolutionProperties) = preSolution
		HideSolutionNode = FALSE
	EndGlobalSection
	GlobalSection(ExtensibilityGlobals) = postSolution
		SolutionGuid = {844BBC7B-B896-442F-A044-79230EC98B40}
	EndGlobalSection
EndGlobal
