
Microsoft Visual Studio Solution File, Format Version 12.00
# Visual Studio Version 16
VisualStudioVersion = 16.0.30711.63
MinimumVisualStudioVersion = 10.0.40219.1
Project("{FAE04EC0-301F-11D3-BF4B-00C04F79EFBC}") = "CacheStackExchangeRedis", "CacheStackExchangeRedis\CacheStackExchangeRedis.csproj", "{8892D830-74BA-4267-98C2-8DAD6C27E731}"
EndProject
Global
	GlobalSection(SolutionConfigurationPlatforms) = preSolution
		Debug|Any CPU = Debug|Any CPU
		Release|Any CPU = Release|Any CPU
	EndGlobalSection
	GlobalSection(ProjectConfigurationPlatforms) = postSolution
		{8892D830-74BA-4267-98C2-8DAD6C27E731}.Debug|Any CPU.ActiveCfg = Debug|Any CPU
		{8892D830-74BA-4267-98C2-8DAD6C27E731}.Debug|Any CPU.Build.0 = Debug|Any CPU
		{8892D830-74BA-4267-98C2-8DAD6C27E731}.Release|Any CPU.ActiveCfg = Release|Any CPU
		{8892D830-74BA-4267-98C2-8DAD6C27E731}.Release|Any CPU.Build.0 = Release|Any CPU
	EndGlobalSection
	GlobalSection(SolutionProperties) = preSolution
		HideSolutionNode = FALSE
	EndGlobalSection
	GlobalSection(ExtensibilityGlobals) = postSolution
		SolutionGuid = {D4F84E59-9BD7-463F-884D-BB9D7F35DACE}
	EndGlobalSection
EndGlobal
