
Microsoft Visual Studio Solution File, Format Version 12.00
# Visual Studio Version 16
VisualStudioVersion = 16.0.30711.63
MinimumVisualStudioVersion = 10.0.40219.1
Project("{FAE04EC0-301F-11D3-BF4B-00C04F79EFBC}") = "SpeedUpAsync.Api", "SpeedUpAsync.Api\SpeedUpAsync.Api.csproj", "{FD242768-5DC5-4A3D-BB47-36F45573CBB5}"
EndProject
Project("{FAE04EC0-301F-11D3-BF4B-00C04F79EFBC}") = "SpeedUpAsync.Client", "SpeedUpAsync.Console\SpeedUpAsync.Client.csproj", "{B951AB51-22D4-4F07-8863-53561FD03ACF}"
EndProject
Global
	GlobalSection(SolutionConfigurationPlatforms) = preSolution
		Debug|Any CPU = Debug|Any CPU
		Release|Any CPU = Release|Any CPU
	EndGlobalSection
	GlobalSection(ProjectConfigurationPlatforms) = postSolution
		{FD242768-5DC5-4A3D-BB47-36F45573CBB5}.Debug|Any CPU.ActiveCfg = Debug|Any CPU
		{FD242768-5DC5-4A3D-BB47-36F45573CBB5}.Debug|Any CPU.Build.0 = Debug|Any CPU
		{FD242768-5DC5-4A3D-BB47-36F45573CBB5}.Release|Any CPU.ActiveCfg = Release|Any CPU
		{FD242768-5DC5-4A3D-BB47-36F45573CBB5}.Release|Any CPU.Build.0 = Release|Any CPU
		{B951AB51-22D4-4F07-8863-53561FD03ACF}.Debug|Any CPU.ActiveCfg = Debug|Any CPU
		{B951AB51-22D4-4F07-8863-53561FD03ACF}.Debug|Any CPU.Build.0 = Debug|Any CPU
		{B951AB51-22D4-4F07-8863-53561FD03ACF}.Release|Any CPU.ActiveCfg = Release|Any CPU
		{B951AB51-22D4-4F07-8863-53561FD03ACF}.Release|Any CPU.Build.0 = Release|Any CPU
	EndGlobalSection
	GlobalSection(SolutionProperties) = preSolution
		HideSolutionNode = FALSE
	EndGlobalSection
	GlobalSection(ExtensibilityGlobals) = postSolution
		SolutionGuid = {5BBCDBDC-AEF9-4042-A771-8EE1E6A8740D}
	EndGlobalSection
EndGlobal
