
Microsoft Visual Studio Solution File, Format Version 12.00
# Visual Studio Version 16
VisualStudioVersion = 16.0.30711.63
MinimumVisualStudioVersion = 10.0.40219.1
Project("{9A19103F-16F7-4668-BE54-9A1E7A4F7556}") = "WiredBrain", "WiredBrain.csproj", "{987EB169-8248-42C5-B840-D0F4FCF33B55}"
EndProject
Global
	GlobalSection(SolutionConfigurationPlatforms) = preSolution
		Debug|Any CPU = Debug|Any CPU
		Release|Any CPU = Release|Any CPU
	EndGlobalSection
	GlobalSection(ProjectConfigurationPlatforms) = postSolution
		{987EB169-8248-42C5-B840-D0F4FCF33B55}.Debug|Any CPU.ActiveCfg = Debug|Any CPU
		{987EB169-8248-42C5-B840-D0F4FCF33B55}.Debug|Any CPU.Build.0 = Debug|Any CPU
		{987EB169-8248-42C5-B840-D0F4FCF33B55}.Release|Any CPU.ActiveCfg = Release|Any CPU
		{987EB169-8248-42C5-B840-D0F4FCF33B55}.Release|Any CPU.Build.0 = Release|Any CPU
	EndGlobalSection
	GlobalSection(SolutionProperties) = preSolution
		HideSolutionNode = FALSE
	EndGlobalSection
	GlobalSection(ExtensibilityGlobals) = postSolution
		SolutionGuid = {5B5CB025-39E8-47BD-AA58-783E49E3C2FD}
	EndGlobalSection
EndGlobal
