
Microsoft Visual Studio Solution File, Format Version 12.00
# Visual Studio Version 16
VisualStudioVersion = 16.0.30711.63
MinimumVisualStudioVersion = 10.0.40219.1
Project("{FAE04EC0-301F-11D3-BF4B-00C04F79EFBC}") = "MediatRResponseCaching.Api", "MediatRResponseCaching.Api\MediatRResponseCaching.Api.csproj", "{4ADCBB07-B363-45ED-AC74-DD6D8EC998A0}"
EndProject
Project("{FAE04EC0-301F-11D3-BF4B-00C04F79EFBC}") = "MediatRResponseCaching.Core", "MediatRResponseCaching.Core\MediatRResponseCaching.Core.csproj", "{ACCC3ED2-D8C5-4D0F-8B2B-F18155AAC538}"
EndProject
Project("{FAE04EC0-301F-11D3-BF4B-00C04F79EFBC}") = "MediatRResponseCaching.Infrastructure", "MediatRResponseCaching.Infrastructure\MediatRResponseCaching.Infrastructure.csproj", "{D439ACB6-7C8F-44D5-BD10-0892C96069F0}"
EndProject
Global
	GlobalSection(SolutionConfigurationPlatforms) = preSolution
		Debug|Any CPU = Debug|Any CPU
		Release|Any CPU = Release|Any CPU
	EndGlobalSection
	GlobalSection(ProjectConfigurationPlatforms) = postSolution
		{4ADCBB07-B363-45ED-AC74-DD6D8EC998A0}.Debug|Any CPU.ActiveCfg = Debug|Any CPU
		{4ADCBB07-B363-45ED-AC74-DD6D8EC998A0}.Debug|Any CPU.Build.0 = Debug|Any CPU
		{4ADCBB07-B363-45ED-AC74-DD6D8EC998A0}.Release|Any CPU.ActiveCfg = Release|Any CPU
		{4ADCBB07-B363-45ED-AC74-DD6D8EC998A0}.Release|Any CPU.Build.0 = Release|Any CPU
		{ACCC3ED2-D8C5-4D0F-8B2B-F18155AAC538}.Debug|Any CPU.ActiveCfg = Debug|Any CPU
		{ACCC3ED2-D8C5-4D0F-8B2B-F18155AAC538}.Debug|Any CPU.Build.0 = Debug|Any CPU
		{ACCC3ED2-D8C5-4D0F-8B2B-F18155AAC538}.Release|Any CPU.ActiveCfg = Release|Any CPU
		{ACCC3ED2-D8C5-4D0F-8B2B-F18155AAC538}.Release|Any CPU.Build.0 = Release|Any CPU
		{D439ACB6-7C8F-44D5-BD10-0892C96069F0}.Debug|Any CPU.ActiveCfg = Debug|Any CPU
		{D439ACB6-7C8F-44D5-BD10-0892C96069F0}.Debug|Any CPU.Build.0 = Debug|Any CPU
		{D439ACB6-7C8F-44D5-BD10-0892C96069F0}.Release|Any CPU.ActiveCfg = Release|Any CPU
		{D439ACB6-7C8F-44D5-BD10-0892C96069F0}.Release|Any CPU.Build.0 = Release|Any CPU
	EndGlobalSection
	GlobalSection(SolutionProperties) = preSolution
		HideSolutionNode = FALSE
	EndGlobalSection
	GlobalSection(ExtensibilityGlobals) = postSolution
		SolutionGuid = {56EED695-AA9E-4B23-A648-6584487EF4F9}
	EndGlobalSection
EndGlobal
