
Microsoft Visual Studio Solution File, Format Version 12.00
# Visual Studio Version 17
VisualStudioVersion = 17.0.32014.148
MinimumVisualStudioVersion = 10.0.40219.1
Project("{9A19103F-16F7-4668-BE54-9A1E7A4F7556}") = "ObserverPattern", "ObserverPattern\ObserverPattern.csproj", "{BC4CCFB0-653F-4B2F-AE65-F53C3C42AFFB}"
EndProject
Project("{9A19103F-16F7-4668-BE54-9A1E7A4F7556}") = "AnotherExample", "AnotherExample\AnotherExample.csproj", "{E4573481-A2BD-4A34-BCCC-5FF3F9668363}"
EndProject
Project("{9A19103F-16F7-4668-BE54-9A1E7A4F7556}") = "ObservableDataStream.Demo", "ObservableDataStream.Demo\ObservableDataStream.Demo.csproj", "{E2873D9B-A331-4091-B2D2-B4635B5DA37E}"
EndProject
Project("{FAE04EC0-301F-11D3-BF4B-00C04F79EFBC}") = "InMemoryMessageBus", "InMemoryMessageBus\InMemoryMessageBus.csproj", "{E1E6EFE0-B6D9-4168-8618-5D99DC2DE8AD}"
EndProject
Global
	GlobalSection(SolutionConfigurationPlatforms) = preSolution
		Debug|Any CPU = Debug|Any CPU
		Release|Any CPU = Release|Any CPU
	EndGlobalSection
	GlobalSection(ProjectConfigurationPlatforms) = postSolution
		{BC4CCFB0-653F-4B2F-AE65-F53C3C42AFFB}.Debug|Any CPU.ActiveCfg = Debug|Any CPU
		{BC4CCFB0-653F-4B2F-AE65-F53C3C42AFFB}.Debug|Any CPU.Build.0 = Debug|Any CPU
		{BC4CCFB0-653F-4B2F-AE65-F53C3C42AFFB}.Release|Any CPU.ActiveCfg = Release|Any CPU
		{BC4CCFB0-653F-4B2F-AE65-F53C3C42AFFB}.Release|Any CPU.Build.0 = Release|Any CPU
		{E4573481-A2BD-4A34-BCCC-5FF3F9668363}.Debug|Any CPU.ActiveCfg = Debug|Any CPU
		{E4573481-A2BD-4A34-BCCC-5FF3F9668363}.Debug|Any CPU.Build.0 = Debug|Any CPU
		{E4573481-A2BD-4A34-BCCC-5FF3F9668363}.Release|Any CPU.ActiveCfg = Release|Any CPU
		{E4573481-A2BD-4A34-BCCC-5FF3F9668363}.Release|Any CPU.Build.0 = Release|Any CPU
		{E2873D9B-A331-4091-B2D2-B4635B5DA37E}.Debug|Any CPU.ActiveCfg = Debug|Any CPU
		{E2873D9B-A331-4091-B2D2-B4635B5DA37E}.Debug|Any CPU.Build.0 = Debug|Any CPU
		{E2873D9B-A331-4091-B2D2-B4635B5DA37E}.Release|Any CPU.ActiveCfg = Release|Any CPU
		{E2873D9B-A331-4091-B2D2-B4635B5DA37E}.Release|Any CPU.Build.0 = Release|Any CPU
		{E1E6EFE0-B6D9-4168-8618-5D99DC2DE8AD}.Debug|Any CPU.ActiveCfg = Debug|Any CPU
		{E1E6EFE0-B6D9-4168-8618-5D99DC2DE8AD}.Debug|Any CPU.Build.0 = Debug|Any CPU
		{E1E6EFE0-B6D9-4168-8618-5D99DC2DE8AD}.Release|Any CPU.ActiveCfg = Release|Any CPU
		{E1E6EFE0-B6D9-4168-8618-5D99DC2DE8AD}.Release|Any CPU.Build.0 = Release|Any CPU
	EndGlobalSection
	GlobalSection(SolutionProperties) = preSolution
		HideSolutionNode = FALSE
	EndGlobalSection
	GlobalSection(ExtensibilityGlobals) = postSolution
		SolutionGuid = {E90F07AD-6B70-4801-BD17-D5710F8C994F}
	EndGlobalSection
EndGlobal
