
Microsoft Visual Studio Solution File, Format Version 12.00
# Visual Studio Version 16
VisualStudioVersion = 16.0.30711.63
MinimumVisualStudioVersion = 10.0.40219.1
Project("{FAE04EC0-301F-11D3-BF4B-00C04F79EFBC}") = "Async.IEnumerable.Test", "Async.IEnumerable.Test\Async.IEnumerable.Test.csproj", "{403DBBD3-B060-4CB4-8603-D786A51BBBB2}"
EndProject
Global
	GlobalSection(SolutionConfigurationPlatforms) = preSolution
		Debug|Any CPU = Debug|Any CPU
		Release|Any CPU = Release|Any CPU
	EndGlobalSection
	GlobalSection(ProjectConfigurationPlatforms) = postSolution
		{403DBBD3-B060-4CB4-8603-D786A51BBBB2}.Debug|Any CPU.ActiveCfg = Debug|Any CPU
		{403DBBD3-B060-4CB4-8603-D786A51BBBB2}.Debug|Any CPU.Build.0 = Debug|Any CPU
		{403DBBD3-B060-4CB4-8603-D786A51BBBB2}.Release|Any CPU.ActiveCfg = Release|Any CPU
		{403DBBD3-B060-4CB4-8603-D786A51BBBB2}.Release|Any CPU.Build.0 = Release|Any CPU
	EndGlobalSection
	GlobalSection(SolutionProperties) = preSolution
		HideSolutionNode = FALSE
	EndGlobalSection
	GlobalSection(ExtensibilityGlobals) = postSolution
		SolutionGuid = {F91A2BD9-266C-4878-8B6C-FE7C1237FD7C}
	EndGlobalSection
EndGlobal
