
Microsoft Visual Studio Solution File, Format Version 12.00
# Visual Studio Version 16
VisualStudioVersion = 16.0.30711.63
MinimumVisualStudioVersion = 10.0.40219.1
Project("{9A19103F-16F7-4668-BE54-9A1E7A4F7556}") = "ThreadSync.LockDemo", "ThreadSync.LockDemo\ThreadSync.LockDemo.csproj", "{46BF636A-88D3-493C-8D43-6F5034E92D92}"
EndProject
Project("{9A19103F-16F7-4668-BE54-9A1E7A4F7556}") = "ThreadSync.MonitorDemo", "ThreadSync.MonitorDemo\ThreadSync.MonitorDemo.csproj", "{B77D1E6C-1714-4222-835A-EAB061525E3F}"
EndProject
Project("{9A19103F-16F7-4668-BE54-9A1E7A4F7556}") = "ThreadSync.ManualResetEventDemo", "ThreadSync.ManualResetEventDemo\ThreadSync.ManualResetEventDemo.csproj", "{F791B56B-0A46-49C8-BB2E-D809E390ACF1}"
EndProject
Project("{9A19103F-16F7-4668-BE54-9A1E7A4F7556}") = "ThreadAsync.AutoResetEventDemo", "ThreadAsync.AutoResetEventDemo\ThreadAsync.AutoResetEventDemo.csproj", "{9F32AC61-2B5B-475B-8850-0728605D2FAB}"
EndProject
Project("{9A19103F-16F7-4668-BE54-9A1E7A4F7556}") = "ThreadSync.MutexDemo", "ThreadSync.MutexDemo\ThreadSync.MutexDemo.csproj", "{853FD1A1-E105-4879-9022-0811E0E18486}"
EndProject
Project("{FAE04EC0-301F-11D3-BF4B-00C04F79EFBC}") = "ThreadSync.SemaphoreDemo", "ThreadSync.SemaphoreDemo\ThreadSync.SemaphoreDemo.csproj", "{3F5FB21D-40BB-471E-8A6E-723BA56437B5}"
EndProject
Global
	GlobalSection(SolutionConfigurationPlatforms) = preSolution
		Debug|Any CPU = Debug|Any CPU
		Release|Any CPU = Release|Any CPU
	EndGlobalSection
	GlobalSection(ProjectConfigurationPlatforms) = postSolution
		{46BF636A-88D3-493C-8D43-6F5034E92D92}.Debug|Any CPU.ActiveCfg = Debug|Any CPU
		{46BF636A-88D3-493C-8D43-6F5034E92D92}.Debug|Any CPU.Build.0 = Debug|Any CPU
		{46BF636A-88D3-493C-8D43-6F5034E92D92}.Release|Any CPU.ActiveCfg = Release|Any CPU
		{46BF636A-88D3-493C-8D43-6F5034E92D92}.Release|Any CPU.Build.0 = Release|Any CPU
		{B77D1E6C-1714-4222-835A-EAB061525E3F}.Debug|Any CPU.ActiveCfg = Debug|Any CPU
		{B77D1E6C-1714-4222-835A-EAB061525E3F}.Debug|Any CPU.Build.0 = Debug|Any CPU
		{B77D1E6C-1714-4222-835A-EAB061525E3F}.Release|Any CPU.ActiveCfg = Release|Any CPU
		{B77D1E6C-1714-4222-835A-EAB061525E3F}.Release|Any CPU.Build.0 = Release|Any CPU
		{F791B56B-0A46-49C8-BB2E-D809E390ACF1}.Debug|Any CPU.ActiveCfg = Debug|Any CPU
		{F791B56B-0A46-49C8-BB2E-D809E390ACF1}.Debug|Any CPU.Build.0 = Debug|Any CPU
		{F791B56B-0A46-49C8-BB2E-D809E390ACF1}.Release|Any CPU.ActiveCfg = Release|Any CPU
		{F791B56B-0A46-49C8-BB2E-D809E390ACF1}.Release|Any CPU.Build.0 = Release|Any CPU
		{9F32AC61-2B5B-475B-8850-0728605D2FAB}.Debug|Any CPU.ActiveCfg = Debug|Any CPU
		{9F32AC61-2B5B-475B-8850-0728605D2FAB}.Debug|Any CPU.Build.0 = Debug|Any CPU
		{9F32AC61-2B5B-475B-8850-0728605D2FAB}.Release|Any CPU.ActiveCfg = Release|Any CPU
		{9F32AC61-2B5B-475B-8850-0728605D2FAB}.Release|Any CPU.Build.0 = Release|Any CPU
		{853FD1A1-E105-4879-9022-0811E0E18486}.Debug|Any CPU.ActiveCfg = Debug|Any CPU
		{853FD1A1-E105-4879-9022-0811E0E18486}.Debug|Any CPU.Build.0 = Debug|Any CPU
		{853FD1A1-E105-4879-9022-0811E0E18486}.Release|Any CPU.ActiveCfg = Release|Any CPU
		{853FD1A1-E105-4879-9022-0811E0E18486}.Release|Any CPU.Build.0 = Release|Any CPU
		{3F5FB21D-40BB-471E-8A6E-723BA56437B5}.Debug|Any CPU.ActiveCfg = Debug|Any CPU
		{3F5FB21D-40BB-471E-8A6E-723BA56437B5}.Debug|Any CPU.Build.0 = Debug|Any CPU
		{3F5FB21D-40BB-471E-8A6E-723BA56437B5}.Release|Any CPU.ActiveCfg = Release|Any CPU
		{3F5FB21D-40BB-471E-8A6E-723BA56437B5}.Release|Any CPU.Build.0 = Release|Any CPU
	EndGlobalSection
	GlobalSection(SolutionProperties) = preSolution
		HideSolutionNode = FALSE
	EndGlobalSection
	GlobalSection(ExtensibilityGlobals) = postSolution
		SolutionGuid = {3B087C6E-836E-4A79-B142-696F56D40559}
	EndGlobalSection
EndGlobal
